// !$*UTF8*$!
{
	archiveVersion = 1;
	classes = {
	};
	objectVersion = 56;
	objects = {

/* Begin PBXBuildFile section */
		8AFE18052BBC4A14002CC3AA /* SwiftConcurrencyApp.swift in Sources */ = {isa = PBXBuildFile; fileRef = 8AFE18042BBC4A14002CC3AA /* SwiftConcurrencyApp.swift */; };
		8AFE18092BBC4A16002CC3AA /* Assets.xcassets in Resources */ = {isa = PBXBuildFile; fileRef = 8AFE18082BBC4A16002CC3AA /* Assets.xcassets */; };
		8AFE180C2BBC4A16002CC3AA /* Preview Assets.xcassets in Resources */ = {isa = PBXBuildFile; fileRef = 8AFE180B2BBC4A16002CC3AA /* Preview Assets.xcassets */; };
		8AFE18132BBC4A68002CC3AA /* DoTryCatchThrowView.swift in Sources */ = {isa = PBXBuildFile; fileRef = 8AFE18122BBC4A68002CC3AA /* DoTryCatchThrowView.swift */; };
		8AFE18152BBC5449002CC3AA /* DownloadImageAsync.swift in Sources */ = {isa = PBXBuildFile; fileRef = 8AFE18142BBC5449002CC3AA /* DownloadImageAsync.swift */; };
		8AFE18172BBD33A5002CC3AA /* AsyncAwaitView.swift in Sources */ = {isa = PBXBuildFile; fileRef = 8AFE18162BBD33A5002CC3AA /* AsyncAwaitView.swift */; };
		8AFE18192BBD3F22002CC3AA /* TaskView.swift in Sources */ = {isa = PBXBuildFile; fileRef = 8AFE18182BBD3F22002CC3AA /* TaskView.swift */; };
		8AFE181B2BBD660B002CC3AA /* AsyncLetView.swift in Sources */ = {isa = PBXBuildFile; fileRef = 8AFE181A2BBD660B002CC3AA /* AsyncLetView.swift */; };
		8AFE181D2BBD6FC8002CC3AA /* TaskGroupView.swift in Sources */ = {isa = PBXBuildFile; fileRef = 8AFE181C2BBD6FC8002CC3AA /* TaskGroupView.swift */; };
		8AFE181F2BBD82C3002CC3AA /* CheckedContinuationView.swift in Sources */ = {isa = PBXBuildFile; fileRef = 8AFE181E2BBD82C3002CC3AA /* CheckedContinuationView.swift */; };
		8AFE18212BBE7EBA002CC3AA /* ActorыView.swift in Sources */ = {isa = PBXBuildFile; fileRef = 8AFE18202BBE7EBA002CC3AA /* ActorыView.swift */; };
		8AFE18232BBEDB5E002CC3AA /* GlobalActorView.swift in Sources */ = {isa = PBXBuildFile; fileRef = 8AFE18222BBEDB5E002CC3AA /* GlobalActorView.swift */; };
/* End PBXBuildFile section */

/* Begin PBXFileReference section */
		8AFE18012BBC4A14002CC3AA /* SwiftConcurrency.app */ = {isa = PBXFileReference; explicitFileType = wrapper.application; includeInIndex = 0; path = SwiftConcurrency.app; sourceTree = BUILT_PRODUCTS_DIR; };
		8AFE18042BBC4A14002CC3AA /* SwiftConcurrencyApp.swift */ = {isa = PBXFileReference; lastKnownFileType = sourcecode.swift; path = SwiftConcurrencyApp.swift; sourceTree = "<group>"; };
		8AFE18082BBC4A16002CC3AA /* Assets.xcassets */ = {isa = PBXFileReference; lastKnownFileType = folder.assetcatalog; path = Assets.xcassets; sourceTree = "<group>"; };
		8AFE180B2BBC4A16002CC3AA /* Preview Assets.xcassets */ = {isa = PBXFileReference; lastKnownFileType = folder.assetcatalog; path = "Preview Assets.xcassets"; sourceTree = "<group>"; };
		8AFE18122BBC4A68002CC3AA /* DoTryCatchThrowView.swift */ = {isa = PBXFileReference; lastKnownFileType = sourcecode.swift; path = DoTryCatchThrowView.swift; sourceTree = "<group>"; };
		8AFE18142BBC5449002CC3AA /* DownloadImageAsync.swift */ = {isa = PBXFileReference; lastKnownFileType = sourcecode.swift; path = DownloadImageAsync.swift; sourceTree = "<group>"; };
		8AFE18162BBD33A5002CC3AA /* AsyncAwaitView.swift */ = {isa = PBXFileReference; lastKnownFileType = sourcecode.swift; path = AsyncAwaitView.swift; sourceTree = "<group>"; };
		8AFE18182BBD3F22002CC3AA /* TaskView.swift */ = {isa = PBXFileReference; lastKnownFileType = sourcecode.swift; path = TaskView.swift; sourceTree = "<group>"; };
		8AFE181A2BBD660B002CC3AA /* AsyncLetView.swift */ = {isa = PBXFileReference; lastKnownFileType = sourcecode.swift; path = AsyncLetView.swift; sourceTree = "<group>"; };
		8AFE181C2BBD6FC8002CC3AA /* TaskGroupView.swift */ = {isa = PBXFileReference; lastKnownFileType = sourcecode.swift; path = TaskGroupView.swift; sourceTree = "<group>"; };
		8AFE181E2BBD82C3002CC3AA /* CheckedContinuationView.swift */ = {isa = PBXFileReference; lastKnownFileType = sourcecode.swift; path = CheckedContinuationView.swift; sourceTree = "<group>"; };
		8AFE18202BBE7EBA002CC3AA /* ActorыView.swift */ = {isa = PBXFileReference; lastKnownFileType = sourcecode.swift; path = "ActorыView.swift"; sourceTree = "<group>"; };
		8AFE18222BBEDB5E002CC3AA /* GlobalActorView.swift */ = {isa = PBXFileReference; lastKnownFileType = sourcecode.swift; path = GlobalActorView.swift; sourceTree = "<group>"; };
/* End PBXFileReference section */

/* Begin PBXFrameworksBuildPhase section */
		8AFE17FE2BBC4A14002CC3AA /* Frameworks */ = {
			isa = PBXFrameworksBuildPhase;
			buildActionMask = 2147483647;
			files = (
			);
			runOnlyForDeploymentPostprocessing = 0;
		};
/* End PBXFrameworksBuildPhase section */

/* Begin PBXGroup section */
		8AFE17F82BBC4A14002CC3AA = {
			isa = PBXGroup;
			children = (
				8AFE18032BBC4A14002CC3AA /* SwiftConcurrency */,
				8AFE18022BBC4A14002CC3AA /* Products */,
			);
			sourceTree = "<group>";
		};
		8AFE18022BBC4A14002CC3AA /* Products */ = {
			isa = PBXGroup;
			children = (
				8AFE18012BBC4A14002CC3AA /* SwiftConcurrency.app */,
			);
			name = Products;
			sourceTree = "<group>";
		};
		8AFE18032BBC4A14002CC3AA /* SwiftConcurrency */ = {
			isa = PBXGroup;
			children = (
				8AFE18042BBC4A14002CC3AA /* SwiftConcurrencyApp.swift */,
				8AFE18122BBC4A68002CC3AA /* DoTryCatchThrowView.swift */,
				8AFE18142BBC5449002CC3AA /* DownloadImageAsync.swift */,
				8AFE18162BBD33A5002CC3AA /* AsyncAwaitView.swift */,
				8AFE18182BBD3F22002CC3AA /* TaskView.swift */,
				8AFE181A2BBD660B002CC3AA /* AsyncLetView.swift */,
				8AFE181C2BBD6FC8002CC3AA /* TaskGroupView.swift */,
				8AFE181E2BBD82C3002CC3AA /* CheckedContinuationView.swift */,
				8AFE18202BBE7EBA002CC3AA /* ActorыView.swift */,
				8AFE18222BBEDB5E002CC3AA /* GlobalActorView.swift */,
				8AFE18082BBC4A16002CC3AA /* Assets.xcassets */,
				8AFE180A2BBC4A16002CC3AA /* Preview Content */,
			);
			path = SwiftConcurrency;
			sourceTree = "<group>";
		};
		8AFE180A2BBC4A16002CC3AA /* Preview Content */ = {
			isa = PBXGroup;
			children = (
				8AFE180B2BBC4A16002CC3AA /* Preview Assets.xcassets */,
			);
			path = "Preview Content";
			sourceTree = "<group>";
		};
/* End PBXGroup section */

/* Begin PBXNativeTarget section */
		8AFE18002BBC4A14002CC3AA /* SwiftConcurrency */ = {
			isa = PBXNativeTarget;
			buildConfigurationList = 8AFE180F2BBC4A16002CC3AA /* Build configuration list for PBXNativeTarget "SwiftConcurrency" */;
			buildPhases = (
				8AFE17FD2BBC4A14002CC3AA /* Sources */,
				8AFE17FE2BBC4A14002CC3AA /* Frameworks */,
				8AFE17FF2BBC4A14002CC3AA /* Resources */,
			);
			buildRules = (
			);
			dependencies = (
			);
			name = SwiftConcurrency;
			productName = SwiftConcurrency;
			productReference = 8AFE18012BBC4A14002CC3AA /* SwiftConcurrency.app */;
			productType = "com.apple.product-type.application";
		};
/* End PBXNativeTarget section */

/* Begin PBXProject section */
		8AFE17F92BBC4A14002CC3AA /* Project object */ = {
			isa = PBXProject;
			attributes = {
				BuildIndependentTargetsInParallel = 1;
				LastSwiftUpdateCheck = 1500;
				LastUpgradeCheck = 1500;
				TargetAttributes = {
					8AFE18002BBC4A14002CC3AA = {
						CreatedOnToolsVersion = 15.0.1;
					};
				};
			};
			buildConfigurationList = 8AFE17FC2BBC4A14002CC3AA /* Build configuration list for PBXProject "SwiftConcurrency" */;
			compatibilityVersion = "Xcode 14.0";
			developmentRegion = en;
			hasScannedForEncodings = 0;
			knownRegions = (
				en,
				Base,
			);
			mainGroup = 8AFE17F82BBC4A14002CC3AA;
			productRefGroup = 8AFE18022BBC4A14002CC3AA /* Products */;
			projectDirPath = "";
			projectRoot = "";
			targets = (
				8AFE18002BBC4A14002CC3AA /* SwiftConcurrency */,
			);
		};
/* End PBXProject section */

/* Begin PBXResourcesBuildPhase section */
		8AFE17FF2BBC4A14002CC3AA /* Resources */ = {
			isa = PBXResourcesBuildPhase;
			buildActionMask = 2147483647;
			files = (
				8AFE180C2BBC4A16002CC3AA /* Preview Assets.xcassets in Resources */,
				8AFE18092BBC4A16002CC3AA /* Assets.xcassets in Resources */,
			);
			runOnlyForDeploymentPostprocessing = 0;
		};
/* End PBXResourcesBuildPhase section */

/* Begin PBXSourcesBuildPhase section */
		8AFE17FD2BBC4A14002CC3AA /* Sources */ = {
			isa = PBXSourcesBuildPhase;
			buildActionMask = 2147483647;
			files = (
				8AFE18052BBC4A14002CC3AA /* SwiftConcurrencyApp.swift in Sources */,
				8AFE181B2BBD660B002CC3AA /* AsyncLetView.swift in Sources */,
				8AFE18152BBC5449002CC3AA /* DownloadImageAsync.swift in Sources */,
				8AFE18172BBD33A5002CC3AA /* AsyncAwaitView.swift in Sources */,
				8AFE18232BBEDB5E002CC3AA /* GlobalActorView.swift in Sources */,
				8AFE18192BBD3F22002CC3AA /* TaskView.swift in Sources */,
				8AFE18212BBE7EBA002CC3AA /* ActorыView.swift in Sources */,
				8AFE181F2BBD82C3002CC3AA /* CheckedContinuationView.swift in Sources */,
				8AFE181D2BBD6FC8002CC3AA /* TaskGroupView.swift in Sources */,
				8AFE18132BBC4A68002CC3AA /* DoTryCatchThrowView.swift in Sources */,
			);
			runOnlyForDeploymentPostprocessing = 0;
		};
/* End PBXSourcesBuildPhase section */

/* Begin XCBuildConfiguration section */
		8AFE180D2BBC4A16002CC3AA /* Debug */ = {
			isa = XCBuildConfiguration;
			buildSettings = {
				ALWAYS_SEARCH_USER_PATHS = NO;
				ASSETCATALOG_COMPILER_GENERATE_SWIFT_ASSET_SYMBOL_EXTENSIONS = YES;
				CLANG_ANALYZER_NONNULL = YES;
				CLANG_ANALYZER_NUMBER_OBJECT_CONVERSION = YES_AGGRESSIVE;
				CLANG_CXX_LANGUAGE_STANDARD = "gnu++20";
				CLANG_ENABLE_MODULES = YES;
				CLANG_ENABLE_OBJC_ARC = YES;
				CLANG_ENABLE_OBJC_WEAK = YES;
				CLANG_WARN_BLOCK_CAPTURE_AUTORELEASING = YES;
				CLANG_WARN_BOOL_CONVERSION = YES;
				CLANG_WARN_COMMA = YES;
				CLANG_WARN_CONSTANT_CONVERSION = YES;
				CLANG_WARN_DEPRECATED_OBJC_IMPLEMENTATIONS = YES;
				CLANG_WARN_DIRECT_OBJC_ISA_USAGE = YES_ERROR;
				CLANG_WARN_DOCUMENTATION_COMMENTS = YES;
				CLANG_WARN_EMPTY_BODY = YES;
				CLANG_WARN_ENUM_CONVERSION = YES;
				CLANG_WARN_INFINITE_RECURSION = YES;
				CLANG_WARN_INT_CONVERSION = YES;
				CLANG_WARN_NON_LITERAL_NULL_CONVERSION = YES;
				CLANG_WARN_OBJC_IMPLICIT_RETAIN_SELF = YES;
				CLANG_WARN_OBJC_LITERAL_CONVERSION = YES;
				CLANG_WARN_OBJC_ROOT_CLASS = YES_ERROR;
				CLANG_WARN_QUOTED_INCLUDE_IN_FRAMEWORK_HEADER = YES;
				CLANG_WARN_RANGE_LOOP_ANALYSIS = YES;
				CLANG_WARN_STRICT_PROTOTYPES = YES;
				CLANG_WARN_SUSPICIOUS_MOVE = YES;
				CLANG_WARN_UNGUARDED_AVAILABILITY = YES_AGGRESSIVE;
				CLANG_WARN_UNREACHABLE_CODE = YES;
				CLANG_WARN__DUPLICATE_METHOD_MATCH = YES;
				COPY_PHASE_STRIP = NO;
				DEBUG_INFORMATION_FORMAT = dwarf;
				ENABLE_STRICT_OBJC_MSGSEND = YES;
				ENABLE_TESTABILITY = YES;
				ENABLE_USER_SCRIPT_SANDBOXING = YES;
				GCC_C_LANGUAGE_STANDARD = gnu17;
				GCC_DYNAMIC_NO_PIC = NO;
				GCC_NO_COMMON_BLOCKS = YES;
				GCC_OPTIMIZATION_LEVEL = 0;
				GCC_PREPROCESSOR_DEFINITIONS = (
					"DEBUG=1",
					"$(inherited)",
				);
				GCC_WARN_64_TO_32_BIT_CONVERSION = YES;
				GCC_WARN_ABOUT_RETURN_TYPE = YES_ERROR;
				GCC_WARN_UNDECLARED_SELECTOR = YES;
				GCC_WARN_UNINITIALIZED_AUTOS = YES_AGGRESSIVE;
				GCC_WARN_UNUSED_FUNCTION = YES;
				GCC_WARN_UNUSED_VARIABLE = YES;
				IPHONEOS_DEPLOYMENT_TARGET = 15.0;
				LOCALIZATION_PREFERS_STRING_CATALOGS = YES;
				MTL_ENABLE_DEBUG_INFO = INCLUDE_SOURCE;
				MTL_FAST_MATH = YES;
				ONLY_ACTIVE_ARCH = YES;
				SDKROOT = iphoneos;
				SWIFT_ACTIVE_COMPILATION_CONDITIONS = "DEBUG $(inherited)";
				SWIFT_OPTIMIZATION_LEVEL = "-Onone";
			};
			name = Debug;
		};
		8AFE180E2BBC4A16002CC3AA /* Release */ = {
			isa = XCBuildConfiguration;
			buildSettings = {
				ALWAYS_SEARCH_USER_PATHS = NO;
				ASSETCATALOG_COMPILER_GENERATE_SWIFT_ASSET_SYMBOL_EXTENSIONS = YES;
				CLANG_ANALYZER_NONNULL = YES;
				CLANG_ANALYZER_NUMBER_OBJECT_CONVERSION = YES_AGGRESSIVE;
				CLANG_CXX_LANGUAGE_STANDARD = "gnu++20";
				CLANG_ENABLE_MODULES = YES;
				CLANG_ENABLE_OBJC_ARC = YES;
				CLANG_ENABLE_OBJC_WEAK = YES;
				CLANG_WARN_BLOCK_CAPTURE_AUTORELEASING = YES;
				CLANG_WARN_BOOL_CONVERSION = YES;
				CLANG_WARN_COMMA = YES;
				CLANG_WARN_CONSTANT_CONVERSION = YES;
				CLANG_WARN_DEPRECATED_OBJC_IMPLEMENTATIONS = YES;
				CLANG_WARN_DIRECT_OBJC_ISA_USAGE = YES_ERROR;
				CLANG_WARN_DOCUMENTATION_COMMENTS = YES;
				CLANG_WARN_EMPTY_BODY = YES;
				CLANG_WARN_ENUM_CONVERSION = YES;
				CLANG_WARN_INFINITE_RECURSION = YES;
				CLANG_WARN_INT_CONVERSION = YES;
				CLANG_WARN_NON_LITERAL_NULL_CONVERSION = YES;
				CLANG_WARN_OBJC_IMPLICIT_RETAIN_SELF = YES;
				CLANG_WARN_OBJC_LITERAL_CONVERSION = YES;
				CLANG_WARN_OBJC_ROOT_CLASS = YES_ERROR;
				CLANG_WARN_QUOTED_INCLUDE_IN_FRAMEWORK_HEADER = YES;
				CLANG_WARN_RANGE_LOOP_ANALYSIS = YES;
				CLANG_WARN_STRICT_PROTOTYPES = YES;
				CLANG_WARN_SUSPICIOUS_MOVE = YES;
				CLANG_WARN_UNGUARDED_AVAILABILITY = YES_AGGRESSIVE;
				CLANG_WARN_UNREACHABLE_CODE = YES;
				CLANG_WARN__DUPLICATE_METHOD_MATCH = YES;
				COPY_PHASE_STRIP = NO;
				DEBUG_INFORMATION_FORMAT = "dwarf-with-dsym";
				ENABLE_NS_ASSERTIONS = NO;
				ENABLE_STRICT_OBJC_MSGSEND = YES;
				ENABLE_USER_SCRIPT_SANDBOXING = YES;
				GCC_C_LANGUAGE_STANDARD = gnu17;
				GCC_NO_COMMON_BLOCKS = YES;
				GCC_WARN_64_TO_32_BIT_CONVERSION = YES;
				GCC_WARN_ABOUT_RETURN_TYPE = YES_ERROR;
				GCC_WARN_UNDECLARED_SELECTOR = YES;
				GCC_WARN_UNINITIALIZED_AUTOS = YES_AGGRESSIVE;
				GCC_WARN_UNUSED_FUNCTION = YES;
				GCC_WARN_UNUSED_VARIABLE = YES;
				IPHONEOS_DEPLOYMENT_TARGET = 15.0;
				LOCALIZATION_PREFERS_STRING_CATALOGS = YES;
				MTL_ENABLE_DEBUG_INFO = NO;
				MTL_FAST_MATH = YES;
				SDKROOT = iphoneos;
				SWIFT_COMPILATION_MODE = wholemodule;
				VALIDATE_PRODUCT = YES;
			};
			name = Release;
		};
		8AFE18102BBC4A16002CC3AA /* Debug */ = {
			isa = XCBuildConfiguration;
			buildSettings = {
				ASSETCATALOG_COMPILER_APPICON_NAME = AppIcon;
				ASSETCATALOG_COMPILER_GLOBAL_ACCENT_COLOR_NAME = AccentColor;
				CODE_SIGN_STYLE = Automatic;
				CURRENT_PROJECT_VERSION = 1;
				DEVELOPMENT_ASSET_PATHS = "\"SwiftConcurrency/Preview Content\"";
				ENABLE_PREVIEWS = YES;
				GENERATE_INFOPLIST_FILE = YES;
				INFOPLIST_KEY_UIApplicationSceneManifest_Generation = YES;
				INFOPLIST_KEY_UIApplicationSupportsIndirectInputEvents = YES;
				INFOPLIST_KEY_UILaunchScreen_Generation = YES;
				INFOPLIST_KEY_UISupportedInterfaceOrientations_iPad = "UIInterfaceOrientationPortrait UIInterfaceOrientationPortraitUpsideDown UIInterfaceOrientationLandscapeLeft UIInterfaceOrientationLandscapeRight";
				INFOPLIST_KEY_UISupportedInterfaceOrientations_iPhone = "UIInterfaceOrientationPortrait UIInterfaceOrientationLandscapeLeft UIInterfaceOrientationLandscapeRight";
				IPHONEOS_DEPLOYMENT_TARGET = 15.0;
				LD_RUNPATH_SEARCH_PATHS = (
					"$(inherited)",
					"@executable_path/Frameworks",
				);
				MARKETING_VERSION = 1.0;
				PRODUCT_BUNDLE_IDENTIFIER = com.ua.SwiftConcurrency;
				PRODUCT_NAME = "$(TARGET_NAME)";
				SWIFT_EMIT_LOC_STRINGS = YES;
				SWIFT_VERSION = 5.0;
				TARGETED_DEVICE_FAMILY = "1,2";
			};
			name = Debug;
		};
		8AFE18112BBC4A16002CC3AA /* Release */ = {
			isa = XCBuildConfiguration;
			buildSettings = {
				ASSETCATALOG_COMPILER_APPICON_NAME = AppIcon;
				ASSETCATALOG_COMPILER_GLOBAL_ACCENT_COLOR_NAME = AccentColor;
				CODE_SIGN_STYLE = Automatic;
				CURRENT_PROJECT_VERSION = 1;
				DEVELOPMENT_ASSET_PATHS = "\"SwiftConcurrency/Preview Content\"";
				ENABLE_PREVIEWS = YES;
				GENERATE_INFOPLIST_FILE = YES;
				INFOPLIST_KEY_UIApplicationSceneManifest_Generation = YES;
				INFOPLIST_KEY_UIApplicationSupportsIndirectInputEvents = YES;
				INFOPLIST_KEY_UILaunchScreen_Generation = YES;
				INFOPLIST_KEY_UISupportedInterfaceOrientations_iPad = "UIInterfaceOrientationPortrait UIInterfaceOrientationPortraitUpsideDown UIInterfaceOrientationLandscapeLeft UIInterfaceOrientationLandscapeRight";
				INFOPLIST_KEY_UISupportedInterfaceOrientations_iPhone = "UIInterfaceOrientationPortrait UIInterfaceOrientationLandscapeLeft UIInterfaceOrientationLandscapeRight";
				IPHONEOS_DEPLOYMENT_TARGET = 15.0;
				LD_RUNPATH_SEARCH_PATHS = (
					"$(inherited)",
					"@executable_path/Frameworks",
				);
				MARKETING_VERSION = 1.0;
				PRODUCT_BUNDLE_IDENTIFIER = com.ua.SwiftConcurrency;
				PRODUCT_NAME = "$(TARGET_NAME)";
				SWIFT_EMIT_LOC_STRINGS = YES;
				SWIFT_VERSION = 5.0;
				TARGETED_DEVICE_FAMILY = "1,2";
			};
			name = Release;
		};
/* End XCBuildConfiguration section */

/* Begin XCConfigurationList section */
		8AFE17FC2BBC4A14002CC3AA /* Build configuration list for PBXProject "SwiftConcurrency" */ = {
			isa = XCConfigurationList;
			buildConfigurations = (
				8AFE180D2BBC4A16002CC3AA /* Debug */,
				8AFE180E2BBC4A16002CC3AA /* Release */,
			);
			defaultConfigurationIsVisible = 0;
			defaultConfigurationName = Release;
		};
		8AFE180F2BBC4A16002CC3AA /* Build configuration list for PBXNativeTarget "SwiftConcurrency" */ = {
			isa = XCConfigurationList;
			buildConfigurations = (
				8AFE18102BBC4A16002CC3AA /* Debug */,
				8AFE18112BBC4A16002CC3AA /* Release */,
			);
			defaultConfigurationIsVisible = 0;
			defaultConfigurationName = Release;
		};
/* End XCConfigurationList section */
	};
	rootObject = 8AFE17F92BBC4A14002CC3AA /* Project object */;
}
